<?xml version="1.0" encoding="UTF-8" standalone="yes" ?>
<CodeBlocks_project_file>
	<FileVersion major="1" minor="6" />
	<Project>
		<Option title="xPL_codeblocks" />
		<Option pch_mode="2" />
		<Option compiler="gcc" />
		<Build>
			<Target title="Debug">
				<Option output="bin/Debug/xPL_codeblocks" prefix_auto="1" extension_auto="1" />
				<Option object_output="obj/Debug/" />
				<Option type="1" />
				<Option compiler="gcc" />
				<Compiler>
					<Add option="-g" />
				</Compiler>
			</Target>
			<Target title="Release">
				<Option output="bin/Release/xPL_codeblocks" prefix_auto="1" extension_auto="1" />
				<Option object_output="obj/Release/" />
				<Option type="1" />
				<Option compiler="gcc" />
				<Compiler>
					<Add option="-O2" />
				</Compiler>
				<Linker>
					<Add option="-s" />
				</Linker>
			</Target>
		</Build>
		<Compiler>
			<Add option="-Wall" />
			<Add option="-fexceptions" />
		</Compiler>
		<Unit filename="main.c">
			<Option compilerVar="CC" />
		</Unit>
		<Unit filename="xPLLib/xPL-config.c">
			<Option compilerVar="CC" />
		</Unit>
		<Unit filename="xPLLib/xPL-hub.c">
			<Option compilerVar="CC" />
		</Unit>
		<Unit filename="xPLLib/xPL-io.c">
			<Option compilerVar="CC" />
		</Unit>
		<Unit filename="xPLLib/xPL-listeners.c">
			<Option compilerVar="CC" />
		</Unit>
		<Unit filename="xPLLib/xPL-message.c">
			<Option compilerVar="CC" />
		</Unit>
		<Unit filename="xPLLib/xPL-service.c">
			<Option compilerVar="CC" />
		</Unit>
		<Unit filename="xPLLib/xPL-store.c">
			<Option compilerVar="CC" />
		</Unit>
		<Unit filename="xPLLib/xPL-utils.c">
			<Option compilerVar="CC" />
		</Unit>
		<Unit filename="xPLLib/xPL.h" />
		<Unit filename="xPLLib/xPL_priv.h" />
		<Extensions>
			<code_completion />
			<debugger />
		</Extensions>
	</Project>
</CodeBlocks_project_file>
