<?xml version="1.0" encoding="UTF-8" standalone="yes" ?>
<CodeBlocks_project_file>
	<FileVersion major="1" minor="6" />
	<Project>
		<Option title="xPLHal" />
		<Option pch_mode="2" />
		<Option compiler="gcc" />
		<Build>
			<Target title="Debug">
				<Option output="bin/Debug/xPLHal" prefix_auto="1" extension_auto="1" />
				<Option object_output="obj/Debug/" />
				<Option type="1" />
				<Option compiler="gcc" />
				<Compiler>
					<Add option="-g" />
				</Compiler>
			</Target>
			<Target title="Release">
				<Option output="bin/Release/xPLHal" prefix_auto="1" extension_auto="1" />
				<Option object_output="obj/Release/" />
				<Option type="1" />
				<Option compiler="gcc" />
				<Compiler>
					<Add option="-O2" />
				</Compiler>
				<Linker>
					<Add option="-s" />
				</Linker>
			</Target>
			<Target title="Test">
				<Option output="bin/Test/xPLHalTest" prefix_auto="1" extension_auto="1" />
				<Option object_output="obj/Test/" />
				<Option type="1" />
				<Option compiler="gcc" />
			</Target>
			<Target title="Hub">
				<Option output="bin/xPLHub/xPLHub" prefix_auto="1" extension_auto="1" />
				<Option object_output="obj/Hub/" />
				<Option type="1" />
				<Option compiler="gcc" />
				<Option use_console_runner="0" />
			</Target>
		</Build>
		<Compiler>
			<Add option="-Wall" />
			<Add option="-fexceptions" />
		</Compiler>
		<Linker>
			<Add option="-lpthread" />
		</Linker>
		<Unit filename="Determinator.cpp">
			<Option target="Debug" />
			<Option target="Release" />
			<Option target="Test" />
		</Unit>
		<Unit filename="Determinator.h">
			<Option target="Debug" />
			<Option target="Release" />
			<Option target="Test" />
		</Unit>
		<Unit filename="DeterminatorFactory.cpp">
			<Option target="Debug" />
			<Option target="Release" />
			<Option target="Test" />
		</Unit>
		<Unit filename="DeterminatorFactory.h">
			<Option target="Debug" />
			<Option target="Release" />
			<Option target="Test" />
		</Unit>
		<Unit filename="DeterminatorSerializer.h">
			<Option target="Debug" />
			<Option target="Release" />
			<Option target="Test" />
		</Unit>
		<Unit filename="Dispatcher.h">
			<Option target="Debug" />
			<Option target="Release" />
			<Option target="Test" />
		</Unit>
		<Unit filename="TCPDeamon.cpp">
			<Option target="Debug" />
			<Option target="Release" />
			<Option target="Test" />
		</Unit>
		<Unit filename="TCPDeamon.h">
			<Option target="Debug" />
			<Option target="Release" />
			<Option target="Test" />
		</Unit>
		<Unit filename="TCPServer.cpp">
			<Option target="Debug" />
			<Option target="Release" />
			<Option target="Test" />
		</Unit>
		<Unit filename="TCPServer.h">
			<Option target="Debug" />
			<Option target="Release" />
			<Option target="Test" />
		</Unit>
		<Unit filename="XHCP_Parser.cpp">
			<Option target="Debug" />
			<Option target="Release" />
			<Option target="Test" />
		</Unit>
		<Unit filename="XHCP_Parser.h">
			<Option target="Debug" />
			<Option target="Release" />
			<Option target="Test" />
		</Unit>
		<Unit filename="XPLAction.cpp">
			<Option target="Debug" />
			<Option target="Release" />
			<Option target="Test" />
		</Unit>
		<Unit filename="XPLAction.h">
			<Option target="Debug" />
			<Option target="Release" />
			<Option target="Test" />
		</Unit>
		<Unit filename="XPLCondition.cpp">
			<Option target="Debug" />
			<Option target="Release" />
			<Option target="Test" />
		</Unit>
		<Unit filename="XPLCondition.h">
			<Option target="Debug" />
			<Option target="Release" />
			<Option target="Test" />
		</Unit>
		<Unit filename="XPLHal.h">
			<Option target="Debug" />
			<Option target="Release" />
			<Option target="Test" />
		</Unit>
		<Unit filename="XPLMessage.cpp">
			<Option target="Debug" />
			<Option target="Release" />
			<Option target="Test" />
		</Unit>
		<Unit filename="XPLMessage.h">
			<Option target="Debug" />
			<Option target="Release" />
			<Option target="Test" />
		</Unit>
		<Unit filename="XPLParser.cpp">
			<Option target="Debug" />
			<Option target="Release" />
			<Option target="Test" />
		</Unit>
		<Unit filename="XPLParser.h">
			<Option target="Debug" />
			<Option target="Release" />
			<Option target="Test" />
		</Unit>
		<Unit filename="XPLRuleManager.cpp">
			<Option target="Debug" />
			<Option target="Release" />
			<Option target="Test" />
		</Unit>
		<Unit filename="XPLRuleManager.h">
			<Option target="Debug" />
			<Option target="Release" />
			<Option target="Test" />
		</Unit>
		<Unit filename="determinator-main.cpp">
			<Option target="Debug" />
			<Option target="Release" />
		</Unit>
		<Unit filename="pthreadcc/condition.cpp">
			<Option target="Debug" />
			<Option target="Release" />
			<Option target="Test" />
		</Unit>
		<Unit filename="pthreadcc/mutualexclusion.cpp">
			<Option target="Debug" />
			<Option target="Release" />
			<Option target="Test" />
		</Unit>
		<Unit filename="pthreadcc/pthreadcc.h">
			<Option target="Debug" />
			<Option target="Release" />
			<Option target="Test" />
		</Unit>
		<Unit filename="pthreadcc/semaphore.cpp">
			<Option target="Debug" />
			<Option target="Release" />
			<Option target="Test" />
		</Unit>
		<Unit filename="pthreadcc/threadbase.cpp">
			<Option target="Debug" />
			<Option target="Release" />
			<Option target="Test" />
		</Unit>
		<Unit filename="pthreadcc/threadexception.cpp">
			<Option target="Debug" />
			<Option target="Release" />
			<Option target="Test" />
		</Unit>
		<Unit filename="socketcc/ipaddress.cpp">
			<Option target="Debug" />
			<Option target="Release" />
			<Option target="Test" />
		</Unit>
		<Unit filename="socketcc/socketbase.cpp">
			<Option target="Debug" />
			<Option target="Release" />
			<Option target="Test" />
		</Unit>
		<Unit filename="socketcc/socketcc.h">
			<Option target="Debug" />
			<Option target="Release" />
			<Option target="Test" />
		</Unit>
		<Unit filename="socketcc/socketexception.cpp">
			<Option target="Debug" />
			<Option target="Release" />
			<Option target="Test" />
		</Unit>
		<Unit filename="socketcc/tcpsockets.cpp">
			<Option target="Debug" />
			<Option target="Release" />
			<Option target="Test" />
		</Unit>
		<Unit filename="socketcc/udpsockets.cpp">
			<Option target="Debug" />
			<Option target="Release" />
			<Option target="Test" />
		</Unit>
		<Unit filename="test/DeterminatorFactoryTest.cpp">
			<Option target="Test" />
		</Unit>
		<Unit filename="test/DeterminatorTest.cpp">
			<Option target="Test" />
		</Unit>
		<Unit filename="test/TestRunner.cpp">
			<Option target="Test" />
		</Unit>
		<Unit filename="test/XPLActionTest.cpp">
			<Option target="Test" />
		</Unit>
		<Unit filename="test/XPLConditionTest.cpp">
			<Option target="Test" />
		</Unit>
		<Unit filename="test/XPLMessageTest.cpp">
			<Option target="Test" />
		</Unit>
		<Unit filename="xPLLib/examples/xPL_Hub.c">
			<Option compilerVar="CC" />
			<Option target="Hub" />
		</Unit>
		<Unit filename="xPLLib/xPL-config.c">
			<Option compilerVar="CC" />
		</Unit>
		<Unit filename="xPLLib/xPL-hub.c">
			<Option compilerVar="CC" />
		</Unit>
		<Unit filename="xPLLib/xPL-io.c">
			<Option compilerVar="CC" />
		</Unit>
		<Unit filename="xPLLib/xPL-listeners.c">
			<Option compilerVar="CC" />
		</Unit>
		<Unit filename="xPLLib/xPL-message.c">
			<Option compilerVar="CC" />
		</Unit>
		<Unit filename="xPLLib/xPL-service.c">
			<Option compilerVar="CC" />
		</Unit>
		<Unit filename="xPLLib/xPL-store.c">
			<Option compilerVar="CC" />
		</Unit>
		<Unit filename="xPLLib/xPL-utils.c">
			<Option compilerVar="CC" />
		</Unit>
		<Unit filename="xPLLib/xPL.h" />
		<Unit filename="xPLLib/xPL_priv.h" />
		<Extensions>
			<code_completion />
			<debugger />
		</Extensions>
	</Project>
</CodeBlocks_project_file>
